// !$*UTF8*$!
{
	archiveVersion = 1;
	classes = {
	};
	objectVersion = 50;
	objects = {

/* Begin PBXBuildFile section */
		2013477F217A0F8600DAA293 /* AppDelegate.swift in Sources */ = {isa = PBXBuildFile; fileRef = 2013477E217A0F8600DAA293 /* AppDelegate.swift */; };
		20134784217A0F8600DAA293 /* Main.storyboard in Resources */ = {isa = PBXBuildFile; fileRef = 20134782217A0F8600DAA293 /* Main.storyboard */; };
		20134786217A0F8800DAA293 /* Assets.xcassets in Resources */ = {isa = PBXBuildFile; fileRef = 20134785217A0F8800DAA293 /* Assets.xcassets */; };
		20134789217A0F8800DAA293 /* LaunchScreen.storyboard in Resources */ = {isa = PBXBuildFile; fileRef = 20134787217A0F8800DAA293 /* LaunchScreen.storyboard */; };
		202CDC9921831B9A00D6EC80 /* CachedWebService.swift in Sources */ = {isa = PBXBuildFile; fileRef = 202CDC9821831B9A00D6EC80 /* CachedWebService.swift */; };
		20359ECD2182DB10005A1264 /* Cache.swift in Sources */ = {isa = PBXBuildFile; fileRef = 20359ECC2182DB10005A1264 /* Cache.swift */; };
		2036856C217E056400DBCFED /* WebService.swift in Sources */ = {isa = PBXBuildFile; fileRef = 2036856B217E056400DBCFED /* WebService.swift */; };
		203DF860217CECF30082992B /* Resource.swift in Sources */ = {isa = PBXBuildFile; fileRef = 203DF85F217CECF30082992B /* Resource.swift */; };
		204882CF2189E4FD00E5537A /* Loading.swift in Sources */ = {isa = PBXBuildFile; fileRef = 204882CC2189E4FC00E5537A /* Loading.swift */; };
		204882D02189E4FD00E5537A /* LoadingViewController.swift in Sources */ = {isa = PBXBuildFile; fileRef = 204882CD2189E4FC00E5537A /* LoadingViewController.swift */; };
		204882D12189E4FD00E5537A /* DetailController.swift in Sources */ = {isa = PBXBuildFile; fileRef = 204882CE2189E4FC00E5537A /* DetailController.swift */; };
		20608208217F8A16007BCC51 /* Article.swift in Sources */ = {isa = PBXBuildFile; fileRef = 20608207217F8A16007BCC51 /* Article.swift */; };
		2066E2EF218B1AEE00D9060F /* CellDescriptor.swift in Sources */ = {isa = PBXBuildFile; fileRef = 2066E2ED218B1AEE00D9060F /* CellDescriptor.swift */; };
		2066E2F0218B1AEE00D9060F /* GenericTableVIewController.swift in Sources */ = {isa = PBXBuildFile; fileRef = 2066E2EE218B1AEE00D9060F /* GenericTableVIewController.swift */; };
		2066E2F3218B1B4400D9060F /* ArticleTableViewCell.swift in Sources */ = {isa = PBXBuildFile; fileRef = 2066E2F1218B1B4400D9060F /* ArticleTableViewCell.swift */; };
		2066E2F4218B1B4400D9060F /* ArticleTableViewCell.xib in Resources */ = {isa = PBXBuildFile; fileRef = 2066E2F2218B1B4400D9060F /* ArticleTableViewCell.xib */; };
		2066E2FB218B43B300D9060F /* Source.swift in Sources */ = {isa = PBXBuildFile; fileRef = 2066E2FA218B43B300D9060F /* Source.swift */; };
		2066E2FD218B44C000D9060F /* Helper.swift in Sources */ = {isa = PBXBuildFile; fileRef = 2066E2FC218B44C000D9060F /* Helper.swift */; };
/* End PBXBuildFile section */

/* Begin PBXFileReference section */
		2013477B217A0F8600DAA293 /* NewsApp.app */ = {isa = PBXFileReference; explicitFileType = wrapper.application; includeInIndex = 0; path = NewsApp.app; sourceTree = BUILT_PRODUCTS_DIR; };
		2013477E217A0F8600DAA293 /* AppDelegate.swift */ = {isa = PBXFileReference; lastKnownFileType = sourcecode.swift; path = AppDelegate.swift; sourceTree = "<group>"; };
		20134783217A0F8600DAA293 /* Base */ = {isa = PBXFileReference; lastKnownFileType = file.storyboard; name = Base; path = Base.lproj/Main.storyboard; sourceTree = "<group>"; };
		20134785217A0F8800DAA293 /* Assets.xcassets */ = {isa = PBXFileReference; lastKnownFileType = folder.assetcatalog; path = Assets.xcassets; sourceTree = "<group>"; };
		20134788217A0F8800DAA293 /* Base */ = {isa = PBXFileReference; lastKnownFileType = file.storyboard; name = Base; path = Base.lproj/LaunchScreen.storyboard; sourceTree = "<group>"; };
		2013478A217A0F8800DAA293 /* Info.plist */ = {isa = PBXFileReference; lastKnownFileType = text.plist.xml; path = Info.plist; sourceTree = "<group>"; };
		202CDC9821831B9A00D6EC80 /* CachedWebService.swift */ = {isa = PBXFileReference; lastKnownFileType = sourcecode.swift; path = CachedWebService.swift; sourceTree = "<group>"; };
		20359ECC2182DB10005A1264 /* Cache.swift */ = {isa = PBXFileReference; lastKnownFileType = sourcecode.swift; path = Cache.swift; sourceTree = "<group>"; };
		2036856B217E056400DBCFED /* WebService.swift */ = {isa = PBXFileReference; lastKnownFileType = sourcecode.swift; path = WebService.swift; sourceTree = "<group>"; };
		203DF85F217CECF30082992B /* Resource.swift */ = {isa = PBXFileReference; lastKnownFileType = sourcecode.swift; path = Resource.swift; sourceTree = "<group>"; };
		204882CC2189E4FC00E5537A /* Loading.swift */ = {isa = PBXFileReference; fileEncoding = 4; lastKnownFileType = sourcecode.swift; path = Loading.swift; sourceTree = "<group>"; };
		204882CD2189E4FC00E5537A /* LoadingViewController.swift */ = {isa = PBXFileReference; fileEncoding = 4; lastKnownFileType = sourcecode.swift; path = LoadingViewController.swift; sourceTree = "<group>"; };
		204882CE2189E4FC00E5537A /* DetailController.swift */ = {isa = PBXFileReference; fileEncoding = 4; lastKnownFileType = sourcecode.swift; path = DetailController.swift; sourceTree = "<group>"; };
		20608207217F8A16007BCC51 /* Article.swift */ = {isa = PBXFileReference; lastKnownFileType = sourcecode.swift; path = Article.swift; sourceTree = "<group>"; };
		2066E2ED218B1AEE00D9060F /* CellDescriptor.swift */ = {isa = PBXFileReference; fileEncoding = 4; lastKnownFileType = sourcecode.swift; path = CellDescriptor.swift; sourceTree = "<group>"; };
		2066E2EE218B1AEE00D9060F /* GenericTableVIewController.swift */ = {isa = PBXFileReference; fileEncoding = 4; lastKnownFileType = sourcecode.swift; path = GenericTableVIewController.swift; sourceTree = "<group>"; };
		2066E2F1218B1B4400D9060F /* ArticleTableViewCell.swift */ = {isa = PBXFileReference; fileEncoding = 4; lastKnownFileType = sourcecode.swift; path = ArticleTableViewCell.swift; sourceTree = "<group>"; };
		2066E2F2218B1B4400D9060F /* ArticleTableViewCell.xib */ = {isa = PBXFileReference; fileEncoding = 4; lastKnownFileType = file.xib; path = ArticleTableViewCell.xib; sourceTree = "<group>"; };
		2066E2FA218B43B300D9060F /* Source.swift */ = {isa = PBXFileReference; fileEncoding = 4; lastKnownFileType = sourcecode.swift; path = Source.swift; sourceTree = "<group>"; };
		2066E2FC218B44C000D9060F /* Helper.swift */ = {isa = PBXFileReference; lastKnownFileType = sourcecode.swift; path = Helper.swift; sourceTree = "<group>"; };
/* End PBXFileReference section */

/* Begin PBXFrameworksBuildPhase section */
		20134778217A0F8600DAA293 /* Frameworks */ = {
			isa = PBXFrameworksBuildPhase;
			buildActionMask = 2147483647;
			files = (
			);
			runOnlyForDeploymentPostprocessing = 0;
		};
/* End PBXFrameworksBuildPhase section */

/* Begin PBXGroup section */
		20134772217A0F8600DAA293 = {
			isa = PBXGroup;
			children = (
				2013477D217A0F8600DAA293 /* NewsApp */,
				2013477C217A0F8600DAA293 /* Products */,
			);
			sourceTree = "<group>";
		};
		2013477C217A0F8600DAA293 /* Products */ = {
			isa = PBXGroup;
			children = (
				2013477B217A0F8600DAA293 /* NewsApp.app */,
			);
			name = Products;
			sourceTree = "<group>";
		};
		2013477D217A0F8600DAA293 /* NewsApp */ = {
			isa = PBXGroup;
			children = (
				2013477E217A0F8600DAA293 /* AppDelegate.swift */,
				2066E2F5218B414300D9060F /* GenericTableView */,
				2066E2F7218B427800D9060F /* Model */,
				2066E2F6218B416600D9060F /* WebService */,
				2066E2F8218B42AC00D9060F /* View */,
				2066E2F9218B42C500D9060F /* Loading */,
				20134782217A0F8600DAA293 /* Main.storyboard */,
				20134785217A0F8800DAA293 /* Assets.xcassets */,
				20134787217A0F8800DAA293 /* LaunchScreen.storyboard */,
				2013478A217A0F8800DAA293 /* Info.plist */,
			);
			path = NewsApp;
			sourceTree = "<group>";
		};
		2066E2F5218B414300D9060F /* GenericTableView */ = {
			isa = PBXGroup;
			children = (
				2066E2ED218B1AEE00D9060F /* CellDescriptor.swift */,
				2066E2EE218B1AEE00D9060F /* GenericTableVIewController.swift */,
			);
			path = GenericTableView;
			sourceTree = "<group>";
		};
		2066E2F6218B416600D9060F /* WebService */ = {
			isa = PBXGroup;
			children = (
				203DF85F217CECF30082992B /* Resource.swift */,
				2036856B217E056400DBCFED /* WebService.swift */,
				202CDC9821831B9A00D6EC80 /* CachedWebService.swift */,
				20359ECC2182DB10005A1264 /* Cache.swift */,
			);
			path = WebService;
			sourceTree = "<group>";
		};
		2066E2F7218B427800D9060F /* Model */ = {
			isa = PBXGroup;
			children = (
				20608207217F8A16007BCC51 /* Article.swift */,
				2066E2FA218B43B300D9060F /* Source.swift */,
			);
			path = Model;
			sourceTree = "<group>";
		};
		2066E2F8218B42AC00D9060F /* View */ = {
			isa = PBXGroup;
			children = (
				204882CE2189E4FC00E5537A /* DetailController.swift */,
				2066E2F1218B1B4400D9060F /* ArticleTableViewCell.swift */,
				2066E2F2218B1B4400D9060F /* ArticleTableViewCell.xib */,
			);
			path = View;
			sourceTree = "<group>";
		};
		2066E2F9218B42C500D9060F /* Loading */ = {
			isa = PBXGroup;
			children = (
				204882CC2189E4FC00E5537A /* Loading.swift */,
				204882CD2189E4FC00E5537A /* LoadingViewController.swift */,
				2066E2FC218B44C000D9060F /* Helper.swift */,
			);
			path = Loading;
			sourceTree = "<group>";
		};
/* End PBXGroup section */

/* Begin PBXNativeTarget section */
		2013477A217A0F8600DAA293 /* NewsApp */ = {
			isa = PBXNativeTarget;
			buildConfigurationList = 2013478D217A0F8800DAA293 /* Build configuration list for PBXNativeTarget "NewsApp" */;
			buildPhases = (
				20134777217A0F8600DAA293 /* Sources */,
				20134778217A0F8600DAA293 /* Frameworks */,
				20134779217A0F8600DAA293 /* Resources */,
			);
			buildRules = (
			);
			dependencies = (
			);
			name = NewsApp;
			productName = NewsApp;
			productReference = 2013477B217A0F8600DAA293 /* NewsApp.app */;
			productType = "com.apple.product-type.application";
		};
/* End PBXNativeTarget section */

/* Begin PBXProject section */
		20134773217A0F8600DAA293 /* Project object */ = {
			isa = PBXProject;
			attributes = {
				LastSwiftUpdateCheck = 1000;
				LastUpgradeCheck = 1000;
				ORGANIZATIONNAME = "Khairul Islam";
				TargetAttributes = {
					2013477A217A0F8600DAA293 = {
						CreatedOnToolsVersion = 10.0;
					};
				};
			};
			buildConfigurationList = 20134776217A0F8600DAA293 /* Build configuration list for PBXProject "NewsApp" */;
			compatibilityVersion = "Xcode 9.3";
			developmentRegion = en;
			hasScannedForEncodings = 0;
			knownRegions = (
				en,
				Base,
			);
			mainGroup = 20134772217A0F8600DAA293;
			productRefGroup = 2013477C217A0F8600DAA293 /* Products */;
			projectDirPath = "";
			projectRoot = "";
			targets = (
				2013477A217A0F8600DAA293 /* NewsApp */,
			);
		};
/* End PBXProject section */

/* Begin PBXResourcesBuildPhase section */
		20134779217A0F8600DAA293 /* Resources */ = {
			isa = PBXResourcesBuildPhase;
			buildActionMask = 2147483647;
			files = (
				20134789217A0F8800DAA293 /* LaunchScreen.storyboard in Resources */,
				20134786217A0F8800DAA293 /* Assets.xcassets in Resources */,
				20134784217A0F8600DAA293 /* Main.storyboard in Resources */,
				2066E2F4218B1B4400D9060F /* ArticleTableViewCell.xib in Resources */,
			);
			runOnlyForDeploymentPostprocessing = 0;
		};
/* End PBXResourcesBuildPhase section */

/* Begin PBXSourcesBuildPhase section */
		20134777217A0F8600DAA293 /* Sources */ = {
			isa = PBXSourcesBuildPhase;
			buildActionMask = 2147483647;
			files = (
				202CDC9921831B9A00D6EC80 /* CachedWebService.swift in Sources */,
				2066E2FD218B44C000D9060F /* Helper.swift in Sources */,
				204882CF2189E4FD00E5537A /* Loading.swift in Sources */,
				2066E2EF218B1AEE00D9060F /* CellDescriptor.swift in Sources */,
				204882D12189E4FD00E5537A /* DetailController.swift in Sources */,
				20359ECD2182DB10005A1264 /* Cache.swift in Sources */,
				203DF860217CECF30082992B /* Resource.swift in Sources */,
				2036856C217E056400DBCFED /* WebService.swift in Sources */,
				204882D02189E4FD00E5537A /* LoadingViewController.swift in Sources */,
				2013477F217A0F8600DAA293 /* AppDelegate.swift in Sources */,
				2066E2F3218B1B4400D9060F /* ArticleTableViewCell.swift in Sources */,
				2066E2F0218B1AEE00D9060F /* GenericTableVIewController.swift in Sources */,
				20608208217F8A16007BCC51 /* Article.swift in Sources */,
				2066E2FB218B43B300D9060F /* Source.swift in Sources */,
			);
			runOnlyForDeploymentPostprocessing = 0;
		};
/* End PBXSourcesBuildPhase section */

/* Begin PBXVariantGroup section */
		20134782217A0F8600DAA293 /* Main.storyboard */ = {
			isa = PBXVariantGroup;
			children = (
				20134783217A0F8600DAA293 /* Base */,
			);
			name = Main.storyboard;
			sourceTree = "<group>";
		};
		20134787217A0F8800DAA293 /* LaunchScreen.storyboard */ = {
			isa = PBXVariantGroup;
			children = (
				20134788217A0F8800DAA293 /* Base */,
			);
			name = LaunchScreen.storyboard;
			sourceTree = "<group>";
		};
/* End PBXVariantGroup section */

/* Begin XCBuildConfiguration section */
		2013478B217A0F8800DAA293 /* Debug */ = {
			isa = XCBuildConfiguration;
			buildSettings = {
				ALWAYS_SEARCH_USER_PATHS = NO;
				CLANG_ANALYZER_NONNULL = YES;
				CLANG_ANALYZER_NUMBER_OBJECT_CONVERSION = YES_AGGRESSIVE;
				CLANG_CXX_LANGUAGE_STANDARD = "gnu++14";
				CLANG_CXX_LIBRARY = "libc++";
				CLANG_ENABLE_MODULES = YES;
				CLANG_ENABLE_OBJC_ARC = YES;
				CLANG_ENABLE_OBJC_WEAK = YES;
				CLANG_WARN_BLOCK_CAPTURE_AUTORELEASING = YES;
				CLANG_WARN_BOOL_CONVERSION = YES;
				CLANG_WARN_COMMA = YES;
				CLANG_WARN_CONSTANT_CONVERSION = YES;
				CLANG_WARN_DEPRECATED_OBJC_IMPLEMENTATIONS = YES;
				CLANG_WARN_DIRECT_OBJC_ISA_USAGE = YES_ERROR;
				CLANG_WARN_DOCUMENTATION_COMMENTS = YES;
				CLANG_WARN_EMPTY_BODY = YES;
				CLANG_WARN_ENUM_CONVERSION = YES;
				CLANG_WARN_INFINITE_RECURSION = YES;
				CLANG_WARN_INT_CONVERSION = YES;
				CLANG_WARN_NON_LITERAL_NULL_CONVERSION = YES;
				CLANG_WARN_OBJC_IMPLICIT_RETAIN_SELF = YES;
				CLANG_WARN_OBJC_LITERAL_CONVERSION = YES;
				CLANG_WARN_OBJC_ROOT_CLASS = YES_ERROR;
				CLANG_WARN_RANGE_LOOP_ANALYSIS = YES;
				CLANG_WARN_STRICT_PROTOTYPES = YES;
				CLANG_WARN_SUSPICIOUS_MOVE = YES;
				CLANG_WARN_UNGUARDED_AVAILABILITY = YES_AGGRESSIVE;
				CLANG_WARN_UNREACHABLE_CODE = YES;
				CLANG_WARN__DUPLICATE_METHOD_MATCH = YES;
				CODE_SIGN_IDENTITY = "iPhone Developer";
				COPY_PHASE_STRIP = NO;
				DEBUG_INFORMATION_FORMAT = dwarf;
				ENABLE_STRICT_OBJC_MSGSEND = YES;
				ENABLE_TESTABILITY = YES;
				GCC_C_LANGUAGE_STANDARD = gnu11;
				GCC_DYNAMIC_NO_PIC = NO;
				GCC_NO_COMMON_BLOCKS = YES;
				GCC_OPTIMIZATION_LEVEL = 0;
				GCC_PREPROCESSOR_DEFINITIONS = (
					"DEBUG=1",
					"$(inherited)",
				);
				GCC_WARN_64_TO_32_BIT_CONVERSION = YES;
				GCC_WARN_ABOUT_RETURN_TYPE = YES_ERROR;
				GCC_WARN_UNDECLARED_SELECTOR = YES;
				GCC_WARN_UNINITIALIZED_AUTOS = YES_AGGRESSIVE;
				GCC_WARN_UNUSED_FUNCTION = YES;
				GCC_WARN_UNUSED_VARIABLE = YES;
				IPHONEOS_DEPLOYMENT_TARGET = 12.0;
				MTL_ENABLE_DEBUG_INFO = INCLUDE_SOURCE;
				MTL_FAST_MATH = YES;
				ONLY_ACTIVE_ARCH = YES;
				SDKROOT = iphoneos;
				SWIFT_ACTIVE_COMPILATION_CONDITIONS = DEBUG;
				SWIFT_OPTIMIZATION_LEVEL = "-Onone";
			};
			name = Debug;
		};
		2013478C217A0F8800DAA293 /* Release */ = {
			isa = XCBuildConfiguration;
			buildSettings = {
				ALWAYS_SEARCH_USER_PATHS = NO;
				CLANG_ANALYZER_NONNULL = YES;
				CLANG_ANALYZER_NUMBER_OBJECT_CONVERSION = YES_AGGRESSIVE;
				CLANG_CXX_LANGUAGE_STANDARD = "gnu++14";
				CLANG_CXX_LIBRARY = "libc++";
				CLANG_ENABLE_MODULES = YES;
				CLANG_ENABLE_OBJC_ARC = YES;
				CLANG_ENABLE_OBJC_WEAK = YES;
				CLANG_WARN_BLOCK_CAPTURE_AUTORELEASING = YES;
				CLANG_WARN_BOOL_CONVERSION = YES;
				CLANG_WARN_COMMA = YES;
				CLANG_WARN_CONSTANT_CONVERSION = YES;
				CLANG_WARN_DEPRECATED_OBJC_IMPLEMENTATIONS = YES;
				CLANG_WARN_DIRECT_OBJC_ISA_USAGE = YES_ERROR;
				CLANG_WARN_DOCUMENTATION_COMMENTS = YES;
				CLANG_WARN_EMPTY_BODY = YES;
				CLANG_WARN_ENUM_CONVERSION = YES;
				CLANG_WARN_INFINITE_RECURSION = YES;
				CLANG_WARN_INT_CONVERSION = YES;
				CLANG_WARN_NON_LITERAL_NULL_CONVERSION = YES;
				CLANG_WARN_OBJC_IMPLICIT_RETAIN_SELF = YES;
				CLANG_WARN_OBJC_LITERAL_CONVERSION = YES;
				CLANG_WARN_OBJC_ROOT_CLASS = YES_ERROR;
				CLANG_WARN_RANGE_LOOP_ANALYSIS = YES;
				CLANG_WARN_STRICT_PROTOTYPES = YES;
				CLANG_WARN_SUSPICIOUS_MOVE = YES;
				CLANG_WARN_UNGUARDED_AVAILABILITY = YES_AGGRESSIVE;
				CLANG_WARN_UNREACHABLE_CODE = YES;
				CLANG_WARN__DUPLICATE_METHOD_MATCH = YES;
				CODE_SIGN_IDENTITY = "iPhone Developer";
				COPY_PHASE_STRIP = NO;
				DEBUG_INFORMATION_FORMAT = "dwarf-with-dsym";
				ENABLE_NS_ASSERTIONS = NO;
				ENABLE_STRICT_OBJC_MSGSEND = YES;
				GCC_C_LANGUAGE_STANDARD = gnu11;
				GCC_NO_COMMON_BLOCKS = YES;
				GCC_WARN_64_TO_32_BIT_CONVERSION = YES;
				GCC_WARN_ABOUT_RETURN_TYPE = YES_ERROR;
				GCC_WARN_UNDECLARED_SELECTOR = YES;
				GCC_WARN_UNINITIALIZED_AUTOS = YES_AGGRESSIVE;
				GCC_WARN_UNUSED_FUNCTION = YES;
				GCC_WARN_UNUSED_VARIABLE = YES;
				IPHONEOS_DEPLOYMENT_TARGET = 12.0;
				MTL_ENABLE_DEBUG_INFO = NO;
				MTL_FAST_MATH = YES;
				SDKROOT = iphoneos;
				SWIFT_COMPILATION_MODE = wholemodule;
				SWIFT_OPTIMIZATION_LEVEL = "-O";
				VALIDATE_PRODUCT = YES;
			};
			name = Release;
		};
		2013478E217A0F8800DAA293 /* Debug */ = {
			isa = XCBuildConfiguration;
			buildSettings = {
				ASSETCATALOG_COMPILER_APPICON_NAME = AppIcon;
				CODE_SIGN_STYLE = Manual;
				DEVELOPMENT_TEAM = "";
				INFOPLIST_FILE = NewsApp/Info.plist;
				LD_RUNPATH_SEARCH_PATHS = (
					"$(inherited)",
					"@executable_path/Frameworks",
				);
				PRODUCT_BUNDLE_IDENTIFIER = com.khairul.NewsApp;
				PRODUCT_NAME = "$(TARGET_NAME)";
				PROVISIONING_PROFILE_SPECIFIER = "";
				SWIFT_VERSION = 4.2;
				TARGETED_DEVICE_FAMILY = "1,2";
			};
			name = Debug;
		};
		2013478F217A0F8800DAA293 /* Release */ = {
			isa = XCBuildConfiguration;
			buildSettings = {
				ASSETCATALOG_COMPILER_APPICON_NAME = AppIcon;
				CODE_SIGN_STYLE = Manual;
				DEVELOPMENT_TEAM = "";
				INFOPLIST_FILE = NewsApp/Info.plist;
				LD_RUNPATH_SEARCH_PATHS = (
					"$(inherited)",
					"@executable_path/Frameworks",
				);
				PRODUCT_BUNDLE_IDENTIFIER = com.khairul.NewsApp;
				PRODUCT_NAME = "$(TARGET_NAME)";
				PROVISIONING_PROFILE_SPECIFIER = "";
				SWIFT_VERSION = 4.2;
				TARGETED_DEVICE_FAMILY = "1,2";
			};
			name = Release;
		};
/* End XCBuildConfiguration section */

/* Begin XCConfigurationList section */
		20134776217A0F8600DAA293 /* Build configuration list for PBXProject "NewsApp" */ = {
			isa = XCConfigurationList;
			buildConfigurations = (
				2013478B217A0F8800DAA293 /* Debug */,
				2013478C217A0F8800DAA293 /* Release */,
			);
			defaultConfigurationIsVisible = 0;
			defaultConfigurationName = Release;
		};
		2013478D217A0F8800DAA293 /* Build configuration list for PBXNativeTarget "NewsApp" */ = {
			isa = XCConfigurationList;
			buildConfigurations = (
				2013478E217A0F8800DAA293 /* Debug */,
				2013478F217A0F8800DAA293 /* Release */,
			);
			defaultConfigurationIsVisible = 0;
			defaultConfigurationName = Release;
		};
/* End XCConfigurationList section */
	};
	rootObject = 20134773217A0F8600DAA293 /* Project object */;
}
